
Microsoft Visual Studio Solution File, Format Version 12.00
# Visual Studio Version 17
VisualStudioVersion = 17.4.33110.190
MinimumVisualStudioVersion = 10.0.40219.1
Project("{FAE04EC0-301F-11D3-BF4B-00C04F79EFBC}") = "TibsDiscordBot", "TibsDiscordBot.csproj", "{A7E2CB74-A9BD-4692-83BD-E95D438C83DA}"
EndProject
Global
	GlobalSection(SolutionConfigurationPlatforms) = preSolution
		Debug|Any CPU = Debug|Any CPU
		Release|Any CPU = Release|Any CPU
	EndGlobalSection
	GlobalSection(ProjectConfigurationPlatforms) = postSolution
		{A7E2CB74-A9BD-4692-83BD-E95D438C83DA}.Debug|Any CPU.ActiveCfg = Debug|Any CPU
		{A7E2CB74-A9BD-4692-83BD-E95D438C83DA}.Debug|Any CPU.Build.0 = Debug|Any CPU
		{A7E2CB74-A9BD-4692-83BD-E95D438C83DA}.Release|Any CPU.ActiveCfg = Release|Any CPU
		{A7E2CB74-A9BD-4692-83BD-E95D438C83DA}.Release|Any CPU.Build.0 = Release|Any CPU
	EndGlobalSection
	GlobalSection(SolutionProperties) = preSolution
		HideSolutionNode = FALSE
	EndGlobalSection
	GlobalSection(ExtensibilityGlobals) = postSolution
		SolutionGuid = {A2204CC7-0A96-4FF8-9A70-FE2FE541B286}
	EndGlobalSection
EndGlobal
